<Solution>
  <Folder Name="/demo/">
    <Project Path="demo/Primify.Demo/Primify.Demo.csproj" />
  </Folder>
  <Folder Name="/src/">
    <Project Path="src/Primify.Generators/Primify.Generators.csproj" />
    <Project Path="src/Primify/Primify.csproj" />
  </Folder>
  <Folder Name="/tests/">
    <Project Path="tests/Primify.Benchmarks/Primify.Benchmarks.csproj" />
    <Project Path="tests/Primify.Tests/Primify.Tests.csproj" />
  </Folder>
</Solution>
