Microsoft Visual Studio Solution File, Format Version 12.00
# Visual Studio Version 17
VisualStudioVersion = 17.5.2.0
MinimumVisualStudioVersion = 10.0.40219.1
Project("{2150E333-8FDC-42A3-9474-1A3956D46DE8}") = "tests", "tests", "{0AB3BF05-4346-4AA6-1389-037BE0695223}"
EndProject
Project("{2150E333-8FDC-42A3-9474-1A3956D46DE8}") = "src", "src", "{827E0CD3-B72D-47B6-A68D-7590B98EB39B}"
EndProject
Project("{FAE04EC0-301F-11D3-BF4B-00C04F79EFBC}") = "Primify.Tests", "tests\Primify.Tests\Primify.Tests.csproj", "{52E991A1-4592-B8CC-3953-8F98475EE8E3}"
EndProject
Project("{FAE04EC0-301F-11D3-BF4B-00C04F79EFBC}") = "Primify.Generators", "src\Primify.Generators\Primify.Generators.csproj", "{930D0E7A-70E3-2AFD-F2E5-72E3DFE27705}"
EndProject
Project("{2150E333-8FDC-42A3-9474-1A3956D46DE8}") = "demo", "demo", "{B42EB002-B263-4376-854E-79D8D4991E40}"
EndProject
Project("{FAE04EC0-301F-11D3-BF4B-00C04F79EFBC}") = "Primify.Demo", "demo\Primify.Demo\Primify.Demo.csproj", "{0588FE28-BB87-4B13-B094-A8D667F329FF}"
EndProject
Project("{FAE04EC0-301F-11D3-BF4B-00C04F79EFBC}") = "Primify", "src\Primify\Primify.csproj", "{88D51F59-9F2E-4949-BC8B-A705C593E08B}"
EndProject
Project("{FAE04EC0-301F-11D3-BF4B-00C04F79EFBC}") = "Primify.Benchmarks", "tests\Primify.Benchmarks\Primify.Benchmarks.csproj", "{09C40EF9-F418-49B5-81EF-46334AE8C038}"
EndProject
Global
	GlobalSection(SolutionConfigurationPlatforms) = preSolution
		Debug|Any CPU = Debug|Any CPU
		Release|Any CPU = Release|Any CPU
	EndGlobalSection
	GlobalSection(ProjectConfigurationPlatforms) = postSolution
		{52E991A1-4592-B8CC-3953-8F98475EE8E3}.Debug|Any CPU.ActiveCfg = Debug|Any CPU
		{52E991A1-4592-B8CC-3953-8F98475EE8E3}.Debug|Any CPU.Build.0 = Debug|Any CPU
		{52E991A1-4592-B8CC-3953-8F98475EE8E3}.Release|Any CPU.ActiveCfg = Release|Any CPU
		{52E991A1-4592-B8CC-3953-8F98475EE8E3}.Release|Any CPU.Build.0 = Release|Any CPU
		{930D0E7A-70E3-2AFD-F2E5-72E3DFE27705}.Debug|Any CPU.ActiveCfg = Debug|Any CPU
		{930D0E7A-70E3-2AFD-F2E5-72E3DFE27705}.Debug|Any CPU.Build.0 = Debug|Any CPU
		{930D0E7A-70E3-2AFD-F2E5-72E3DFE27705}.Release|Any CPU.ActiveCfg = Release|Any CPU
		{930D0E7A-70E3-2AFD-F2E5-72E3DFE27705}.Release|Any CPU.Build.0 = Release|Any CPU
		{0588FE28-BB87-4B13-B094-A8D667F329FF}.Debug|Any CPU.ActiveCfg = Debug|Any CPU
		{0588FE28-BB87-4B13-B094-A8D667F329FF}.Debug|Any CPU.Build.0 = Debug|Any CPU
		{0588FE28-BB87-4B13-B094-A8D667F329FF}.Release|Any CPU.ActiveCfg = Release|Any CPU
		{0588FE28-BB87-4B13-B094-A8D667F329FF}.Release|Any CPU.Build.0 = Release|Any CPU
		{88D51F59-9F2E-4949-BC8B-A705C593E08B}.Debug|Any CPU.ActiveCfg = Debug|Any CPU
		{88D51F59-9F2E-4949-BC8B-A705C593E08B}.Debug|Any CPU.Build.0 = Debug|Any CPU
		{88D51F59-9F2E-4949-BC8B-A705C593E08B}.Release|Any CPU.ActiveCfg = Release|Any CPU
		{88D51F59-9F2E-4949-BC8B-A705C593E08B}.Release|Any CPU.Build.0 = Release|Any CPU
		{09C40EF9-F418-49B5-81EF-46334AE8C038}.Debug|Any CPU.ActiveCfg = Debug|Any CPU
		{09C40EF9-F418-49B5-81EF-46334AE8C038}.Debug|Any CPU.Build.0 = Debug|Any CPU
		{09C40EF9-F418-49B5-81EF-46334AE8C038}.Release|Any CPU.ActiveCfg = Release|Any CPU
		{09C40EF9-F418-49B5-81EF-46334AE8C038}.Release|Any CPU.Build.0 = Release|Any CPU
	EndGlobalSection
	GlobalSection(SolutionProperties) = preSolution
		HideSolutionNode = FALSE
	EndGlobalSection
	GlobalSection(NestedProjects) = preSolution
		{52E991A1-4592-B8CC-3953-8F98475EE8E3} = {0AB3BF05-4346-4AA6-1389-037BE0695223}
		{930D0E7A-70E3-2AFD-F2E5-72E3DFE27705} = {827E0CD3-B72D-47B6-A68D-7590B98EB39B}
		{0588FE28-BB87-4B13-B094-A8D667F329FF} = {B42EB002-B263-4376-854E-79D8D4991E40}
		{88D51F59-9F2E-4949-BC8B-A705C593E08B} = {827E0CD3-B72D-47B6-A68D-7590B98EB39B}
		{09C40EF9-F418-49B5-81EF-46334AE8C038} = {0AB3BF05-4346-4AA6-1389-037BE0695223}
	EndGlobalSection
	GlobalSection(ExtensibilityGlobals) = postSolution
		SolutionGuid = {642AB09D-1F68-4979-A0F0-6D2784680ADE}
	EndGlobalSection
EndGlobal
